
Microsoft Visual Studio Solution File, Format Version 12.00
# Visual Studio Version 17
VisualStudioVersion = 17.0.31903.59
MinimumVisualStudioVersion = 10.0.40219.1
Project("{FAE04EC0-301F-11D3-BF4B-00C04F79EFBC}") = "Invoices.Core", "Invoices.Core\Invoices.Core.csproj", "{CE3EF96B-D248-4ABC-866C-9EAE97974AA4}"
EndProject
Project("{FAE04EC0-301F-11D3-BF4B-00C04F79EFBC}") = "Invoices.Data", "Invoices.Data\Invoices.Data.csproj", "{76512355-3548-42EC-AEEE-543A828A0647}"
EndProject
Project("{FAE04EC0-301F-11D3-BF4B-00C04F79EFBC}") = "InvoicePlanner.Avalonia", "InvoicePlanner.Avalonia\InvoicePlanner.Avalonia.csproj", "{C20054C8-5A08-4BD9-8818-51C1E1E90012}"
EndProject
Global
	GlobalSection(SolutionConfigurationPlatforms) = preSolution
		Debug|Any CPU = Debug|Any CPU
		Release|Any CPU = Release|Any CPU
	EndGlobalSection
	GlobalSection(ProjectConfigurationPlatforms) = postSolution
		{CE3EF96B-D248-4ABC-866C-9EAE97974AA4}.Debug|Any CPU.ActiveCfg = Debug|Any CPU
		{CE3EF96B-D248-4ABC-866C-9EAE97974AA4}.Debug|Any CPU.Build.0 = Debug|Any CPU
		{CE3EF96B-D248-4ABC-866C-9EAE97974AA4}.Release|Any CPU.ActiveCfg = Release|Any CPU
		{CE3EF96B-D248-4ABC-866C-9EAE97974AA4}.Release|Any CPU.Build.0 = Release|Any CPU
		{76512355-3548-42EC-AEEE-543A828A0647}.Debug|Any CPU.ActiveCfg = Debug|Any CPU
		{76512355-3548-42EC-AEEE-543A828A0647}.Debug|Any CPU.Build.0 = Debug|Any CPU
		{76512355-3548-42EC-AEEE-543A828A0647}.Release|Any CPU.ActiveCfg = Release|Any CPU
		{76512355-3548-42EC-AEEE-543A828A0647}.Release|Any CPU.Build.0 = Release|Any CPU
		{C20054C8-5A08-4BD9-8818-51C1E1E90012}.Debug|Any CPU.ActiveCfg = Debug|Any CPU
		{C20054C8-5A08-4BD9-8818-51C1E1E90012}.Debug|Any CPU.Build.0 = Debug|Any CPU
		{C20054C8-5A08-4BD9-8818-51C1E1E90012}.Release|Any CPU.ActiveCfg = Release|Any CPU
		{C20054C8-5A08-4BD9-8818-51C1E1E90012}.Release|Any CPU.Build.0 = Release|Any CPU
	EndGlobalSection
EndGlobal
